{
    "_readme": [
        "This file locks the dependencies of your project to a known state",
        "Read more about it at https://getcomposer.org/doc/01-basic-usage.md#installing-dependencies",
        "This file is @generated automatically"
    ],
    "content-hash": "f45dc555173d9945e3bbb72a04108332",
    "packages": [
        {
            "name": "flofaber/mphpd",
            "version": "v1.2.1",
            "source": {
                "type": "git",
                "url": "https://github.com/FloFaber/MphpD.git",
                "reference": "25ac069dd45f6345633103bdcebaa999813cf4e0"
            },
            "dist": {
                "type": "zip",
                "url": "https://api.github.com/repos/FloFaber/MphpD/zipball/25ac069dd45f6345633103bdcebaa999813cf4e0",
                "reference": "25ac069dd45f6345633103bdcebaa999813cf4e0",
                "shasum": ""
            },
            "require": {
                "ext-sockets": "*",
                "php": ">=7.4"
            },
            "require-dev": {
                "erusev/parsedown": "^1.7",
                "phpdocumentor/reflection-docblock": "^5.3",
                "phpunit/phpunit": "9.5.27"
            },
            "type": "library",
            "autoload": {
                "psr-4": {
                    "FloFaber\\MphpD\\": "src/"
                }
            },
            "notification-url": "https://packagist.org/downloads/",
            "license": [
                "MIT"
            ],
            "authors": [
                {
                    "name": "Florian Faber",
                    "email": "contact@flofaber.com"
                }
            ],
            "description": "A PHP library for the Music Player Daemon",
            "support": {
                "issues": "https://github.com/FloFaber/MphpD/issues",
                "source": "https://github.com/FloFaber/MphpD/tree/v1.2.1"
            },
            "time": "2023-12-01T12:43:14+00:00"
        }
    ],
    "packages-dev": [],
    "aliases": [],
    "minimum-stability": "stable",
    "stability-flags": [],
    "prefer-stable": false,
    "prefer-lowest": false,
    "platform": {
        "ext-json": "*",
        "ext-fileinfo": "*"
    },
    "platform-dev": [],
    "plugin-api-version": "2.3.0"
}
