{
    "_readme": [
        "This file locks the dependencies of your project to a known state",
        "Read more about it at https://getcomposer.org/doc/01-basic-usage.md#installing-dependencies",
        "This file is @generated automatically"
    ],
    "content-hash": "f89cecab7d14091c68be4e4b1fd6af56",
    "packages": [
        {
            "name": "flofaber/mphpd",
            "version": "v1.1.0-rc.2",
            "source": {
                "type": "git",
                "url": "https://github.com/FloFaber/MphpD.git",
                "reference": "5ae49f999aff51e7e9863bfebb151ae7fe902e6b"
            },
            "dist": {
                "type": "zip",
                "url": "https://api.github.com/repos/FloFaber/MphpD/zipball/5ae49f999aff51e7e9863bfebb151ae7fe902e6b",
                "reference": "5ae49f999aff51e7e9863bfebb151ae7fe902e6b",
                "shasum": ""
            },
            "require": {
                "ext-sockets": "*",
                "php": ">=7.4"
            },
            "require-dev": {
                "erusev/parsedown": "^1.7",
                "phpdocumentor/reflection-docblock": "^5.3",
                "phpunit/phpunit": "9.5.27"
            },
            "type": "library",
            "autoload": {
                "psr-4": {
                    "FloFaber\\MphpD\\": "src/"
                }
            },
            "notification-url": "https://packagist.org/downloads/",
            "license": [
                "MIT"
            ],
            "authors": [
                {
                    "name": "Florian Faber",
                    "email": "contact@flofaber.com"
                }
            ],
            "description": "A PHP library for the Music Player Daemon",
            "support": {
                "issues": "https://github.com/FloFaber/MphpD/issues",
                "source": "https://github.com/FloFaber/MphpD/tree/v1.1.0-rc.2"
            },
            "time": "2023-08-19T18:46:21+00:00"
        }
    ],
    "packages-dev": [],
    "aliases": [],
    "minimum-stability": "stable",
    "stability-flags": {
        "flofaber/mphpd": 5
    },
    "prefer-stable": false,
    "prefer-lowest": false,
    "platform": {
        "ext-json": "*"
    },
    "platform-dev": [],
    "plugin-api-version": "2.2.0"
}
